// !$*UTF8*$!
{
	archiveVersion = 1;
	classes = {
	};
	objectVersion = 50;
	objects = {

/* Begin PBXBuildFile section */
		775A9F62D22293C52B484E5B /* Pods_Facebook_Login.framework in Frameworks */ = {isa = PBXBuildFile; fileRef = 9B04963294B9E89601319D4D /* Pods_Facebook_Login.framework */; };
		9EB76A72219D20FA007306C9 /* AppDelegate.swift in Sources */ = {isa = PBXBuildFile; fileRef = 9EB76A71219D20FA007306C9 /* AppDelegate.swift */; };
		9EB76A74219D20FA007306C9 /* ViewController.swift in Sources */ = {isa = PBXBuildFile; fileRef = 9EB76A73219D20FA007306C9 /* ViewController.swift */; };
		9EB76A77219D20FA007306C9 /* Main.storyboard in Resources */ = {isa = PBXBuildFile; fileRef = 9EB76A75219D20FA007306C9 /* Main.storyboard */; };
		9EB76A79219D20FB007306C9 /* Assets.xcassets in Resources */ = {isa = PBXBuildFile; fileRef = 9EB76A78219D20FB007306C9 /* Assets.xcassets */; };
		9EB76A7C219D20FB007306C9 /* LaunchScreen.storyboard in Resources */ = {isa = PBXBuildFile; fileRef = 9EB76A7A219D20FB007306C9 /* LaunchScreen.storyboard */; };
/* End PBXBuildFile section */

/* Begin PBXFileReference section */
		1D862B606D58B7F4D1B89801 /* Pods-Facebook-Login.release.xcconfig */ = {isa = PBXFileReference; includeInIndex = 1; lastKnownFileType = text.xcconfig; name = "Pods-Facebook-Login.release.xcconfig"; path = "Pods/Target Support Files/Pods-Facebook-Login/Pods-Facebook-Login.release.xcconfig"; sourceTree = "<group>"; };
		84EDDBC77EC086C40ADB25D8 /* Pods-Facebook-Login.debug.xcconfig */ = {isa = PBXFileReference; includeInIndex = 1; lastKnownFileType = text.xcconfig; name = "Pods-Facebook-Login.debug.xcconfig"; path = "Pods/Target Support Files/Pods-Facebook-Login/Pods-Facebook-Login.debug.xcconfig"; sourceTree = "<group>"; };
		9B04963294B9E89601319D4D /* Pods_Facebook_Login.framework */ = {isa = PBXFileReference; explicitFileType = wrapper.framework; includeInIndex = 0; path = Pods_Facebook_Login.framework; sourceTree = BUILT_PRODUCTS_DIR; };
		9EB76A6E219D20FA007306C9 /* Facebook-Login.app */ = {isa = PBXFileReference; explicitFileType = wrapper.application; includeInIndex = 0; path = "Facebook-Login.app"; sourceTree = BUILT_PRODUCTS_DIR; };
		9EB76A71219D20FA007306C9 /* AppDelegate.swift */ = {isa = PBXFileReference; lastKnownFileType = sourcecode.swift; path = AppDelegate.swift; sourceTree = "<group>"; };
		9EB76A73219D20FA007306C9 /* ViewController.swift */ = {isa = PBXFileReference; lastKnownFileType = sourcecode.swift; path = ViewController.swift; sourceTree = "<group>"; };
		9EB76A76219D20FA007306C9 /* Base */ = {isa = PBXFileReference; lastKnownFileType = file.storyboard; name = Base; path = Base.lproj/Main.storyboard; sourceTree = "<group>"; };
		9EB76A78219D20FB007306C9 /* Assets.xcassets */ = {isa = PBXFileReference; lastKnownFileType = folder.assetcatalog; path = Assets.xcassets; sourceTree = "<group>"; };
		9EB76A7B219D20FB007306C9 /* Base */ = {isa = PBXFileReference; lastKnownFileType = file.storyboard; name = Base; path = Base.lproj/LaunchScreen.storyboard; sourceTree = "<group>"; };
		9EB76A7D219D20FB007306C9 /* Info.plist */ = {isa = PBXFileReference; lastKnownFileType = text.plist.xml; path = Info.plist; sourceTree = "<group>"; };
/* End PBXFileReference section */

/* Begin PBXFrameworksBuildPhase section */
		9EB76A6B219D20FA007306C9 /* Frameworks */ = {
			isa = PBXFrameworksBuildPhase;
			buildActionMask = 2147483647;
			files = (
				775A9F62D22293C52B484E5B /* Pods_Facebook_Login.framework in Frameworks */,
			);
			runOnlyForDeploymentPostprocessing = 0;
		};
/* End PBXFrameworksBuildPhase section */

/* Begin PBXGroup section */
		457B08DA00DDDD5A4581011E /* Frameworks */ = {
			isa = PBXGroup;
			children = (
				9B04963294B9E89601319D4D /* Pods_Facebook_Login.framework */,
			);
			name = Frameworks;
			sourceTree = "<group>";
		};
		53714BA221D273E2B6718156 /* Pods */ = {
			isa = PBXGroup;
			children = (
				84EDDBC77EC086C40ADB25D8 /* Pods-Facebook-Login.debug.xcconfig */,
				1D862B606D58B7F4D1B89801 /* Pods-Facebook-Login.release.xcconfig */,
			);
			name = Pods;
			sourceTree = "<group>";
		};
		9EB76A65219D20FA007306C9 = {
			isa = PBXGroup;
			children = (
				9EB76A70219D20FA007306C9 /* Facebook-Login */,
				9EB76A6F219D20FA007306C9 /* Products */,
				53714BA221D273E2B6718156 /* Pods */,
				457B08DA00DDDD5A4581011E /* Frameworks */,
			);
			sourceTree = "<group>";
		};
		9EB76A6F219D20FA007306C9 /* Products */ = {
			isa = PBXGroup;
			children = (
				9EB76A6E219D20FA007306C9 /* Facebook-Login.app */,
			);
			name = Products;
			sourceTree = "<group>";
		};
		9EB76A70219D20FA007306C9 /* Facebook-Login */ = {
			isa = PBXGroup;
			children = (
				9EB76A71219D20FA007306C9 /* AppDelegate.swift */,
				9EB76A73219D20FA007306C9 /* ViewController.swift */,
				9EB76A75219D20FA007306C9 /* Main.storyboard */,
				9EB76A78219D20FB007306C9 /* Assets.xcassets */,
				9EB76A7A219D20FB007306C9 /* LaunchScreen.storyboard */,
				9EB76A7D219D20FB007306C9 /* Info.plist */,
			);
			path = "Facebook-Login";
			sourceTree = "<group>";
		};
/* End PBXGroup section */

/* Begin PBXNativeTarget section */
		9EB76A6D219D20FA007306C9 /* Facebook-Login */ = {
			isa = PBXNativeTarget;
			buildConfigurationList = 9EB76A80219D20FB007306C9 /* Build configuration list for PBXNativeTarget "Facebook-Login" */;
			buildPhases = (
				1712B5BC2A86097EEA837538 /* [CP] Check Pods Manifest.lock */,
				9EB76A6A219D20FA007306C9 /* Sources */,
				9EB76A6B219D20FA007306C9 /* Frameworks */,
				9EB76A6C219D20FA007306C9 /* Resources */,
				E4271FC60E7CAB6407BC8FE8 /* [CP] Embed Pods Frameworks */,
			);
			buildRules = (
			);
			dependencies = (
			);
			name = "Facebook-Login";
			productName = "Facebook-Login";
			productReference = 9EB76A6E219D20FA007306C9 /* Facebook-Login.app */;
			productType = "com.apple.product-type.application";
		};
/* End PBXNativeTarget section */

/* Begin PBXProject section */
		9EB76A66219D20FA007306C9 /* Project object */ = {
			isa = PBXProject;
			attributes = {
				LastSwiftUpdateCheck = 1000;
				LastUpgradeCheck = 1000;
				ORGANIZATIONNAME = "Kartum Infotech";
				TargetAttributes = {
					9EB76A6D219D20FA007306C9 = {
						CreatedOnToolsVersion = 10.0;
					};
				};
			};
			buildConfigurationList = 9EB76A69219D20FA007306C9 /* Build configuration list for PBXProject "Facebook-Login" */;
			compatibilityVersion = "Xcode 9.3";
			developmentRegion = en;
			hasScannedForEncodings = 0;
			knownRegions = (
				en,
				Base,
			);
			mainGroup = 9EB76A65219D20FA007306C9;
			productRefGroup = 9EB76A6F219D20FA007306C9 /* Products */;
			projectDirPath = "";
			projectRoot = "";
			targets = (
				9EB76A6D219D20FA007306C9 /* Facebook-Login */,
			);
		};
/* End PBXProject section */

/* Begin PBXResourcesBuildPhase section */
		9EB76A6C219D20FA007306C9 /* Resources */ = {
			isa = PBXResourcesBuildPhase;
			buildActionMask = 2147483647;
			files = (
				9EB76A7C219D20FB007306C9 /* LaunchScreen.storyboard in Resources */,
				9EB76A79219D20FB007306C9 /* Assets.xcassets in Resources */,
				9EB76A77219D20FA007306C9 /* Main.storyboard in Resources */,
			);
			runOnlyForDeploymentPostprocessing = 0;
		};
/* End PBXResourcesBuildPhase section */

/* Begin PBXShellScriptBuildPhase section */
		1712B5BC2A86097EEA837538 /* [CP] Check Pods Manifest.lock */ = {
			isa = PBXShellScriptBuildPhase;
			buildActionMask = 2147483647;
			files = (
			);
			inputFileListPaths = (
			);
			inputPaths = (
				"${PODS_PODFILE_DIR_PATH}/Podfile.lock",
				"${PODS_ROOT}/Manifest.lock",
			);
			name = "[CP] Check Pods Manifest.lock";
			outputFileListPaths = (
			);
			outputPaths = (
				"$(DERIVED_FILE_DIR)/Pods-Facebook-Login-checkManifestLockResult.txt",
			);
			runOnlyForDeploymentPostprocessing = 0;
			shellPath = /bin/sh;
			shellScript = "diff \"${PODS_PODFILE_DIR_PATH}/Podfile.lock\" \"${PODS_ROOT}/Manifest.lock\" > /dev/null\nif [ $? != 0 ] ; then\n    # print error to STDERR\n    echo \"error: The sandbox is not in sync with the Podfile.lock. Run 'pod install' or update your CocoaPods installation.\" >&2\n    exit 1\nfi\n# This output is used by Xcode 'outputs' to avoid re-running this script phase.\necho \"SUCCESS\" > \"${SCRIPT_OUTPUT_FILE_0}\"\n";
			showEnvVarsInLog = 0;
		};
		E4271FC60E7CAB6407BC8FE8 /* [CP] Embed Pods Frameworks */ = {
			isa = PBXShellScriptBuildPhase;
			buildActionMask = 2147483647;
			files = (
			);
			inputFileListPaths = (
			);
			inputPaths = (
				"${SRCROOT}/Pods/Target Support Files/Pods-Facebook-Login/Pods-Facebook-Login-frameworks.sh",
				"${BUILT_PRODUCTS_DIR}/Bolts/Bolts.framework",
				"${BUILT_PRODUCTS_DIR}/FBSDKCoreKit/FBSDKCoreKit.framework",
				"${BUILT_PRODUCTS_DIR}/FBSDKLoginKit/FBSDKLoginKit.framework",
				"${BUILT_PRODUCTS_DIR}/FBSDKShareKit/FBSDKShareKit.framework",
				"${BUILT_PRODUCTS_DIR}/FacebookCore/FacebookCore.framework",
				"${BUILT_PRODUCTS_DIR}/FacebookLogin/FacebookLogin.framework",
				"${BUILT_PRODUCTS_DIR}/FacebookShare/FacebookShare.framework",
			);
			name = "[CP] Embed Pods Frameworks";
			outputFileListPaths = (
			);
			outputPaths = (
				"${TARGET_BUILD_DIR}/${FRAMEWORKS_FOLDER_PATH}/Bolts.framework",
				"${TARGET_BUILD_DIR}/${FRAMEWORKS_FOLDER_PATH}/FBSDKCoreKit.framework",
				"${TARGET_BUILD_DIR}/${FRAMEWORKS_FOLDER_PATH}/FBSDKLoginKit.framework",
				"${TARGET_BUILD_DIR}/${FRAMEWORKS_FOLDER_PATH}/FBSDKShareKit.framework",
				"${TARGET_BUILD_DIR}/${FRAMEWORKS_FOLDER_PATH}/FacebookCore.framework",
				"${TARGET_BUILD_DIR}/${FRAMEWORKS_FOLDER_PATH}/FacebookLogin.framework",
				"${TARGET_BUILD_DIR}/${FRAMEWORKS_FOLDER_PATH}/FacebookShare.framework",
			);
			runOnlyForDeploymentPostprocessing = 0;
			shellPath = /bin/sh;
			shellScript = "\"${SRCROOT}/Pods/Target Support Files/Pods-Facebook-Login/Pods-Facebook-Login-frameworks.sh\"\n";
			showEnvVarsInLog = 0;
		};
/* End PBXShellScriptBuildPhase section */

/* Begin PBXSourcesBuildPhase section */
		9EB76A6A219D20FA007306C9 /* Sources */ = {
			isa = PBXSourcesBuildPhase;
			buildActionMask = 2147483647;
			files = (
				9EB76A74219D20FA007306C9 /* ViewController.swift in Sources */,
				9EB76A72219D20FA007306C9 /* AppDelegate.swift in Sources */,
			);
			runOnlyForDeploymentPostprocessing = 0;
		};
/* End PBXSourcesBuildPhase section */

/* Begin PBXVariantGroup section */
		9EB76A75219D20FA007306C9 /* Main.storyboard */ = {
			isa = PBXVariantGroup;
			children = (
				9EB76A76219D20FA007306C9 /* Base */,
			);
			name = Main.storyboard;
			sourceTree = "<group>";
		};
		9EB76A7A219D20FB007306C9 /* LaunchScreen.storyboard */ = {
			isa = PBXVariantGroup;
			children = (
				9EB76A7B219D20FB007306C9 /* Base */,
			);
			name = LaunchScreen.storyboard;
			sourceTree = "<group>";
		};
/* End PBXVariantGroup section */

/* Begin XCBuildConfiguration section */
		9EB76A7E219D20FB007306C9 /* Debug */ = {
			isa = XCBuildConfiguration;
			buildSettings = {
				ALWAYS_SEARCH_USER_PATHS = NO;
				CLANG_ANALYZER_NONNULL = YES;
				CLANG_ANALYZER_NUMBER_OBJECT_CONVERSION = YES_AGGRESSIVE;
				CLANG_CXX_LANGUAGE_STANDARD = "gnu++14";
				CLANG_CXX_LIBRARY = "libc++";
				CLANG_ENABLE_MODULES = YES;
				CLANG_ENABLE_OBJC_ARC = YES;
				CLANG_ENABLE_OBJC_WEAK = YES;
				CLANG_WARN_BLOCK_CAPTURE_AUTORELEASING = YES;
				CLANG_WARN_BOOL_CONVERSION = YES;
				CLANG_WARN_COMMA = YES;
				CLANG_WARN_CONSTANT_CONVERSION = YES;
				CLANG_WARN_DEPRECATED_OBJC_IMPLEMENTATIONS = YES;
				CLANG_WARN_DIRECT_OBJC_ISA_USAGE = YES_ERROR;
				CLANG_WARN_DOCUMENTATION_COMMENTS = YES;
				CLANG_WARN_EMPTY_BODY = YES;
				CLANG_WARN_ENUM_CONVERSION = YES;
				CLANG_WARN_INFINITE_RECURSION = YES;
				CLANG_WARN_INT_CONVERSION = YES;
				CLANG_WARN_NON_LITERAL_NULL_CONVERSION = YES;
				CLANG_WARN_OBJC_IMPLICIT_RETAIN_SELF = YES;
				CLANG_WARN_OBJC_LITERAL_CONVERSION = YES;
				CLANG_WARN_OBJC_ROOT_CLASS = YES_ERROR;
				CLANG_WARN_RANGE_LOOP_ANALYSIS = YES;
				CLANG_WARN_STRICT_PROTOTYPES = YES;
				CLANG_WARN_SUSPICIOUS_MOVE = YES;
				CLANG_WARN_UNGUARDED_AVAILABILITY = YES_AGGRESSIVE;
				CLANG_WARN_UNREACHABLE_CODE = YES;
				CLANG_WARN__DUPLICATE_METHOD_MATCH = YES;
				CODE_SIGN_IDENTITY = "iPhone Developer";
				COPY_PHASE_STRIP = NO;
				DEBUG_INFORMATION_FORMAT = dwarf;
				ENABLE_STRICT_OBJC_MSGSEND = YES;
				ENABLE_TESTABILITY = YES;
				GCC_C_LANGUAGE_STANDARD = gnu11;
				GCC_DYNAMIC_NO_PIC = NO;
				GCC_NO_COMMON_BLOCKS = YES;
				GCC_OPTIMIZATION_LEVEL = 0;
				GCC_PREPROCESSOR_DEFINITIONS = (
					"DEBUG=1",
					"$(inherited)",
				);
				GCC_WARN_64_TO_32_BIT_CONVERSION = YES;
				GCC_WARN_ABOUT_RETURN_TYPE = YES_ERROR;
				GCC_WARN_UNDECLARED_SELECTOR = YES;
				GCC_WARN_UNINITIALIZED_AUTOS = YES_AGGRESSIVE;
				GCC_WARN_UNUSED_FUNCTION = YES;
				GCC_WARN_UNUSED_VARIABLE = YES;
				IPHONEOS_DEPLOYMENT_TARGET = 12.0;
				MTL_ENABLE_DEBUG_INFO = INCLUDE_SOURCE;
				MTL_FAST_MATH = YES;
				ONLY_ACTIVE_ARCH = YES;
				SDKROOT = iphoneos;
				SWIFT_ACTIVE_COMPILATION_CONDITIONS = DEBUG;
				SWIFT_OPTIMIZATION_LEVEL = "-Onone";
			};
			name = Debug;
		};
		9EB76A7F219D20FB007306C9 /* Release */ = {
			isa = XCBuildConfiguration;
			buildSettings = {
				ALWAYS_SEARCH_USER_PATHS = NO;
				CLANG_ANALYZER_NONNULL = YES;
				CLANG_ANALYZER_NUMBER_OBJECT_CONVERSION = YES_AGGRESSIVE;
				CLANG_CXX_LANGUAGE_STANDARD = "gnu++14";
				CLANG_CXX_LIBRARY = "libc++";
				CLANG_ENABLE_MODULES = YES;
				CLANG_ENABLE_OBJC_ARC = YES;
				CLANG_ENABLE_OBJC_WEAK = YES;
				CLANG_WARN_BLOCK_CAPTURE_AUTORELEASING = YES;
				CLANG_WARN_BOOL_CONVERSION = YES;
				CLANG_WARN_COMMA = YES;
				CLANG_WARN_CONSTANT_CONVERSION = YES;
				CLANG_WARN_DEPRECATED_OBJC_IMPLEMENTATIONS = YES;
				CLANG_WARN_DIRECT_OBJC_ISA_USAGE = YES_ERROR;
				CLANG_WARN_DOCUMENTATION_COMMENTS = YES;
				CLANG_WARN_EMPTY_BODY = YES;
				CLANG_WARN_ENUM_CONVERSION = YES;
				CLANG_WARN_INFINITE_RECURSION = YES;
				CLANG_WARN_INT_CONVERSION = YES;
				CLANG_WARN_NON_LITERAL_NULL_CONVERSION = YES;
				CLANG_WARN_OBJC_IMPLICIT_RETAIN_SELF = YES;
				CLANG_WARN_OBJC_LITERAL_CONVERSION = YES;
				CLANG_WARN_OBJC_ROOT_CLASS = YES_ERROR;
				CLANG_WARN_RANGE_LOOP_ANALYSIS = YES;
				CLANG_WARN_STRICT_PROTOTYPES = YES;
				CLANG_WARN_SUSPICIOUS_MOVE = YES;
				CLANG_WARN_UNGUARDED_AVAILABILITY = YES_AGGRESSIVE;
				CLANG_WARN_UNREACHABLE_CODE = YES;
				CLANG_WARN__DUPLICATE_METHOD_MATCH = YES;
				CODE_SIGN_IDENTITY = "iPhone Developer";
				COPY_PHASE_STRIP = NO;
				DEBUG_INFORMATION_FORMAT = "dwarf-with-dsym";
				ENABLE_NS_ASSERTIONS = NO;
				ENABLE_STRICT_OBJC_MSGSEND = YES;
				GCC_C_LANGUAGE_STANDARD = gnu11;
				GCC_NO_COMMON_BLOCKS = YES;
				GCC_WARN_64_TO_32_BIT_CONVERSION = YES;
				GCC_WARN_ABOUT_RETURN_TYPE = YES_ERROR;
				GCC_WARN_UNDECLARED_SELECTOR = YES;
				GCC_WARN_UNINITIALIZED_AUTOS = YES_AGGRESSIVE;
				GCC_WARN_UNUSED_FUNCTION = YES;
				GCC_WARN_UNUSED_VARIABLE = YES;
				IPHONEOS_DEPLOYMENT_TARGET = 12.0;
				MTL_ENABLE_DEBUG_INFO = NO;
				MTL_FAST_MATH = YES;
				SDKROOT = iphoneos;
				SWIFT_COMPILATION_MODE = wholemodule;
				SWIFT_OPTIMIZATION_LEVEL = "-O";
				VALIDATE_PRODUCT = YES;
			};
			name = Release;
		};
		9EB76A81219D20FB007306C9 /* Debug */ = {
			isa = XCBuildConfiguration;
			baseConfigurationReference = 84EDDBC77EC086C40ADB25D8 /* Pods-Facebook-Login.debug.xcconfig */;
			buildSettings = {
				ASSETCATALOG_COMPILER_APPICON_NAME = AppIcon;
				CODE_SIGN_STYLE = Automatic;
				INFOPLIST_FILE = "Facebook-Login/Info.plist";
				LD_RUNPATH_SEARCH_PATHS = (
					"$(inherited)",
					"@executable_path/Frameworks",
				);
				PRODUCT_BUNDLE_IDENTIFIER = "hareshgediya.Facebook-Login";
				PRODUCT_NAME = "$(TARGET_NAME)";
				SWIFT_VERSION = 4.2;
				TARGETED_DEVICE_FAMILY = "1,2";
			};
			name = Debug;
		};
		9EB76A82219D20FB007306C9 /* Release */ = {
			isa = XCBuildConfiguration;
			baseConfigurationReference = 1D862B606D58B7F4D1B89801 /* Pods-Facebook-Login.release.xcconfig */;
			buildSettings = {
				ASSETCATALOG_COMPILER_APPICON_NAME = AppIcon;
				CODE_SIGN_STYLE = Automatic;
				INFOPLIST_FILE = "Facebook-Login/Info.plist";
				LD_RUNPATH_SEARCH_PATHS = (
					"$(inherited)",
					"@executable_path/Frameworks",
				);
				PRODUCT_BUNDLE_IDENTIFIER = "hareshgediya.Facebook-Login";
				PRODUCT_NAME = "$(TARGET_NAME)";
				SWIFT_VERSION = 4.2;
				TARGETED_DEVICE_FAMILY = "1,2";
			};
			name = Release;
		};
/* End XCBuildConfiguration section */

/* Begin XCConfigurationList section */
		9EB76A69219D20FA007306C9 /* Build configuration list for PBXProject "Facebook-Login" */ = {
			isa = XCConfigurationList;
			buildConfigurations = (
				9EB76A7E219D20FB007306C9 /* Debug */,
				9EB76A7F219D20FB007306C9 /* Release */,
			);
			defaultConfigurationIsVisible = 0;
			defaultConfigurationName = Release;
		};
		9EB76A80219D20FB007306C9 /* Build configuration list for PBXNativeTarget "Facebook-Login" */ = {
			isa = XCConfigurationList;
			buildConfigurations = (
				9EB76A81219D20FB007306C9 /* Debug */,
				9EB76A82219D20FB007306C9 /* Release */,
			);
			defaultConfigurationIsVisible = 0;
			defaultConfigurationName = Release;
		};
/* End XCConfigurationList section */
	};
	rootObject = 9EB76A66219D20FA007306C9 /* Project object */;
}
